
Microsoft Visual Studio Solution File, Format Version 12.00
# Visual Studio Version 16
VisualStudioVersion = 16.0.30804.86
MinimumVisualStudioVersion = 10.0.40219.1
Project("{FAE04EC0-301F-11D3-BF4B-00C04F79EFBC}") = "sg_Pathfinder", "sg_Pathfinder\sg_Pathfinder.csproj", "{2CE45B4B-CB9A-4386-890D-11736AD803EC}"
EndProject
Global
	GlobalSection(SolutionConfigurationPlatforms) = preSolution
		Debug|Any CPU = Debug|Any CPU
		Release|Any CPU = Release|Any CPU
	EndGlobalSection
	GlobalSection(ProjectConfigurationPlatforms) = postSolution
		{2CE45B4B-CB9A-4386-890D-11736AD803EC}.Debug|Any CPU.ActiveCfg = Debug|Any CPU
		{2CE45B4B-CB9A-4386-890D-11736AD803EC}.Debug|Any CPU.Build.0 = Debug|Any CPU
		{2CE45B4B-CB9A-4386-890D-11736AD803EC}.Release|Any CPU.ActiveCfg = Release|Any CPU
		{2CE45B4B-CB9A-4386-890D-11736AD803EC}.Release|Any CPU.Build.0 = Release|Any CPU
	EndGlobalSection
	GlobalSection(SolutionProperties) = preSolution
		HideSolutionNode = FALSE
	EndGlobalSection
	GlobalSection(ExtensibilityGlobals) = postSolution
		SolutionGuid = {E948F940-8418-4446-BF23-E383BD1F5A59}
	EndGlobalSection
EndGlobal
